
Microsoft Visual Studio Solution File, Format Version 12.00
# Visual Studio Version 17
VisualStudioVersion = 17.5.33627.172
MinimumVisualStudioVersion = 10.0.40219.1
Project("{8BC9CEB8-8B4A-11D0-8D11-00A0C91BC942}") = "text", "text\text.vcxproj", "{54698671-ACCD-4C80-BC74-5FB63225DF42}"
EndProject
Project("{8BC9CEB8-8B4A-11D0-8D11-00A0C91BC942}") = "BJ_2 Dimensional Array_4", "BJ_2 Dimensional Array_4\BJ_2 Dimensional Array_4.vcxproj", "{7569C5ED-8C1C-445F-98A6-50932F17B30B}"
EndProject
Project("{8BC9CEB8-8B4A-11D0-8D11-00A0C91BC942}") = "LeetCodeTrain", "LeetCodeTrain\LeetCodeTrain.vcxproj", "{2AD2EAF6-11C9-4A82-B65D-354E66CFF76A}"
EndProject
Global
	GlobalSection(SolutionConfigurationPlatforms) = preSolution
		Debug|x64 = Debug|x64
		Debug|x86 = Debug|x86
		Release|x64 = Release|x64
		Release|x86 = Release|x86
	EndGlobalSection
	GlobalSection(ProjectConfigurationPlatforms) = postSolution
		{54698671-ACCD-4C80-BC74-5FB63225DF42}.Debug|x64.ActiveCfg = Debug|x64
		{54698671-ACCD-4C80-BC74-5FB63225DF42}.Debug|x64.Build.0 = Debug|x64
		{54698671-ACCD-4C80-BC74-5FB63225DF42}.Debug|x86.ActiveCfg = Debug|Win32
		{54698671-ACCD-4C80-BC74-5FB63225DF42}.Debug|x86.Build.0 = Debug|Win32
		{54698671-ACCD-4C80-BC74-5FB63225DF42}.Release|x64.ActiveCfg = Release|x64
		{54698671-ACCD-4C80-BC74-5FB63225DF42}.Release|x64.Build.0 = Release|x64
		{54698671-ACCD-4C80-BC74-5FB63225DF42}.Release|x86.ActiveCfg = Release|Win32
		{54698671-ACCD-4C80-BC74-5FB63225DF42}.Release|x86.Build.0 = Release|Win32
		{7569C5ED-8C1C-445F-98A6-50932F17B30B}.Debug|x64.ActiveCfg = Debug|x64
		{7569C5ED-8C1C-445F-98A6-50932F17B30B}.Debug|x64.Build.0 = Debug|x64
		{7569C5ED-8C1C-445F-98A6-50932F17B30B}.Debug|x86.ActiveCfg = Debug|Win32
		{7569C5ED-8C1C-445F-98A6-50932F17B30B}.Debug|x86.Build.0 = Debug|Win32
		{7569C5ED-8C1C-445F-98A6-50932F17B30B}.Release|x64.ActiveCfg = Release|x64
		{7569C5ED-8C1C-445F-98A6-50932F17B30B}.Release|x64.Build.0 = Release|x64
		{7569C5ED-8C1C-445F-98A6-50932F17B30B}.Release|x86.ActiveCfg = Release|Win32
		{7569C5ED-8C1C-445F-98A6-50932F17B30B}.Release|x86.Build.0 = Release|Win32
		{2AD2EAF6-11C9-4A82-B65D-354E66CFF76A}.Debug|x64.ActiveCfg = Debug|x64
		{2AD2EAF6-11C9-4A82-B65D-354E66CFF76A}.Debug|x64.Build.0 = Debug|x64
		{2AD2EAF6-11C9-4A82-B65D-354E66CFF76A}.Debug|x86.ActiveCfg = Debug|Win32
		{2AD2EAF6-11C9-4A82-B65D-354E66CFF76A}.Debug|x86.Build.0 = Debug|Win32
		{2AD2EAF6-11C9-4A82-B65D-354E66CFF76A}.Release|x64.ActiveCfg = Release|x64
		{2AD2EAF6-11C9-4A82-B65D-354E66CFF76A}.Release|x64.Build.0 = Release|x64
		{2AD2EAF6-11C9-4A82-B65D-354E66CFF76A}.Release|x86.ActiveCfg = Release|Win32
		{2AD2EAF6-11C9-4A82-B65D-354E66CFF76A}.Release|x86.Build.0 = Release|Win32
	EndGlobalSection
	GlobalSection(SolutionProperties) = preSolution
		HideSolutionNode = FALSE
	EndGlobalSection
	GlobalSection(ExtensibilityGlobals) = postSolution
		SolutionGuid = {AAE9817E-4433-42B5-84AD-2B965E4B92E5}
	EndGlobalSection
EndGlobal
